
Microsoft Visual Studio Solution File, Format Version 12.00
# Visual Studio Version 16
VisualStudioVersion = 16.0.30611.23
MinimumVisualStudioVersion = 10.0.40219.1
Project("{9A19103F-16F7-4668-BE54-9A1E7A4F7556}") = "Blazor_SignalR_Test.Server", "Blazor_SignalR_Test\Server\Blazor_SignalR_Test.Server.csproj", "{F5BCF44C-E5AC-4272-ACF0-FB9BA3452636}"
EndProject
Project("{9A19103F-16F7-4668-BE54-9A1E7A4F7556}") = "Blazor_SignalR_Test.Client", "Blazor_SignalR_Test\Client\Blazor_SignalR_Test.Client.csproj", "{68E869CF-D871-49F0-89AF-C00CC2CF5F87}"
EndProject
Project("{9A19103F-16F7-4668-BE54-9A1E7A4F7556}") = "Blazor_SignalR_Test.Shared", "Blazor_SignalR_Test\Shared\Blazor_SignalR_Test.Shared.csproj", "{881B1C28-2CE7-4085-8090-8547F59F8B9E}"
EndProject
Global
	GlobalSection(SolutionConfigurationPlatforms) = preSolution
		Debug|Any CPU = Debug|Any CPU
		Release|Any CPU = Release|Any CPU
	EndGlobalSection
	GlobalSection(ProjectConfigurationPlatforms) = postSolution
		{F5BCF44C-E5AC-4272-ACF0-FB9BA3452636}.Debug|Any CPU.ActiveCfg = Debug|Any CPU
		{F5BCF44C-E5AC-4272-ACF0-FB9BA3452636}.Debug|Any CPU.Build.0 = Debug|Any CPU
		{F5BCF44C-E5AC-4272-ACF0-FB9BA3452636}.Release|Any CPU.ActiveCfg = Release|Any CPU
		{F5BCF44C-E5AC-4272-ACF0-FB9BA3452636}.Release|Any CPU.Build.0 = Release|Any CPU
		{68E869CF-D871-49F0-89AF-C00CC2CF5F87}.Debug|Any CPU.ActiveCfg = Debug|Any CPU
		{68E869CF-D871-49F0-89AF-C00CC2CF5F87}.Debug|Any CPU.Build.0 = Debug|Any CPU
		{68E869CF-D871-49F0-89AF-C00CC2CF5F87}.Release|Any CPU.ActiveCfg = Release|Any CPU
		{68E869CF-D871-49F0-89AF-C00CC2CF5F87}.Release|Any CPU.Build.0 = Release|Any CPU
		{881B1C28-2CE7-4085-8090-8547F59F8B9E}.Debug|Any CPU.ActiveCfg = Debug|Any CPU
		{881B1C28-2CE7-4085-8090-8547F59F8B9E}.Debug|Any CPU.Build.0 = Debug|Any CPU
		{881B1C28-2CE7-4085-8090-8547F59F8B9E}.Release|Any CPU.ActiveCfg = Release|Any CPU
		{881B1C28-2CE7-4085-8090-8547F59F8B9E}.Release|Any CPU.Build.0 = Release|Any CPU
	EndGlobalSection
	GlobalSection(SolutionProperties) = preSolution
		HideSolutionNode = FALSE
	EndGlobalSection
	GlobalSection(ExtensibilityGlobals) = postSolution
		SolutionGuid = {4B1A79B1-EADF-485A-B521-A2F88741DCC9}
	EndGlobalSection
EndGlobal
